
Microsoft Visual Studio Solution File, Format Version 12.00
# Visual Studio Version 16
VisualStudioVersion = 16.0.28803.202
MinimumVisualStudioVersion = 10.0.40219.1
Project("{FAE04EC0-301F-11D3-BF4B-00C04F79EFBC}") = "Sweepstakes", "Sweepstakes\Sweepstakes.csproj", "{D029928C-3E92-42FD-A036-02798D416FA1}"
EndProject
Global
	GlobalSection(SolutionConfigurationPlatforms) = preSolution
		Debug|Any CPU = Debug|Any CPU
		Release|Any CPU = Release|Any CPU
	EndGlobalSection
	GlobalSection(ProjectConfigurationPlatforms) = postSolution
		{D029928C-3E92-42FD-A036-02798D416FA1}.Debug|Any CPU.ActiveCfg = Debug|Any CPU
		{D029928C-3E92-42FD-A036-02798D416FA1}.Debug|Any CPU.Build.0 = Debug|Any CPU
		{D029928C-3E92-42FD-A036-02798D416FA1}.Release|Any CPU.ActiveCfg = Release|Any CPU
		{D029928C-3E92-42FD-A036-02798D416FA1}.Release|Any CPU.Build.0 = Release|Any CPU
	EndGlobalSection
	GlobalSection(SolutionProperties) = preSolution
		HideSolutionNode = FALSE
	EndGlobalSection
	GlobalSection(ExtensibilityGlobals) = postSolution
		SolutionGuid = {52DBCD25-6E96-4880-A1A4-AA1296BAD652}
	EndGlobalSection
EndGlobal
